
Microsoft Visual Studio Solution File, Format Version 12.00
# Visual Studio 2012
Project("{2150E333-8FDC-42A3-9474-1A3956D46DE8}") = "Solution Items", "Solution Items", "{61DE27F0-7306-41FE-9773-14A0328F0F2B}"
	ProjectSection(SolutionItems) = preProject
		index.html = index.html
		Y:\JL\jqGrid Hello World\xx.html = Y:\JL\jqGrid Hello World\xx.html
	EndProjectSection
EndProject
Global
	GlobalSection(SolutionProperties) = preSolution
		HideSolutionNode = FALSE
	EndGlobalSection
EndGlobal
